
Microsoft Visual Studio Solution File, Format Version 12.00
# Visual Studio Version 16
VisualStudioVersion = 16.0.31205.134
MinimumVisualStudioVersion = 10.0.40219.1
Project("{FAE04EC0-301F-11D3-BF4B-00C04F79EFBC}") = "CCWFA", "CCWFA.csproj", "{175FE744-77C5-496B-B831-E0A91ECA955E}"
EndProject
Global
	GlobalSection(SolutionConfigurationPlatforms) = preSolution
		Debug|Any CPU = Debug|Any CPU
		Release|Any CPU = Release|Any CPU
	EndGlobalSection
	GlobalSection(ProjectConfigurationPlatforms) = postSolution
		{175FE744-77C5-496B-B831-E0A91ECA955E}.Debug|Any CPU.ActiveCfg = Debug|Any CPU
		{175FE744-77C5-496B-B831-E0A91ECA955E}.Debug|Any CPU.Build.0 = Debug|Any CPU
		{175FE744-77C5-496B-B831-E0A91ECA955E}.Release|Any CPU.ActiveCfg = Release|Any CPU
		{175FE744-77C5-496B-B831-E0A91ECA955E}.Release|Any CPU.Build.0 = Release|Any CPU
	EndGlobalSection
	GlobalSection(SolutionProperties) = preSolution
		HideSolutionNode = FALSE
	EndGlobalSection
	GlobalSection(ExtensibilityGlobals) = postSolution
		SolutionGuid = {4B5B8BA2-3B34-4487-8D98-756F3FBE2F28}
	EndGlobalSection
EndGlobal
